// !$*UTF8*$!
{
	archiveVersion = 1;
	classes = {
	};
	objectVersion = 55;
	objects = {

/* Begin PBXBuildFile section */
		7EACB60828D00A8A003B3E35 /* AppDelegate.swift in Sources */ = {isa = PBXBuildFile; fileRef = 7EACB60728D00A8A003B3E35 /* AppDelegate.swift */; };
		7EACB60A28D00A8A003B3E35 /* SceneDelegate.swift in Sources */ = {isa = PBXBuildFile; fileRef = 7EACB60928D00A8A003B3E35 /* SceneDelegate.swift */; };
		7EACB60F28D00A8A003B3E35 /* Main.storyboard in Resources */ = {isa = PBXBuildFile; fileRef = 7EACB60D28D00A8A003B3E35 /* Main.storyboard */; };
		7EACB61228D00A8A003B3E35 /* MediaManager.xcdatamodeld in Sources */ = {isa = PBXBuildFile; fileRef = 7EACB61028D00A8A003B3E35 /* MediaManager.xcdatamodeld */; };
		7EACB61428D00A8C003B3E35 /* Assets.xcassets in Resources */ = {isa = PBXBuildFile; fileRef = 7EACB61328D00A8C003B3E35 /* Assets.xcassets */; };
		7EACB61728D00A8C003B3E35 /* LaunchScreen.storyboard in Resources */ = {isa = PBXBuildFile; fileRef = 7EACB61528D00A8C003B3E35 /* LaunchScreen.storyboard */; };
		7EACB62528D0110C003B3E35 /* CoreDataStack.swift in Sources */ = {isa = PBXBuildFile; fileRef = 7EACB62428D0110C003B3E35 /* CoreDataStack.swift */; };
		7EACB62728D0124C003B3E35 /* MediaItem+Convenience.swift in Sources */ = {isa = PBXBuildFile; fileRef = 7EACB62628D0124C003B3E35 /* MediaItem+Convenience.swift */; };
		7EACB62928D0145E003B3E35 /* MediaItemController.swift in Sources */ = {isa = PBXBuildFile; fileRef = 7EACB62828D0145E003B3E35 /* MediaItemController.swift */; };
		7EACB62B28D021B7003B3E35 /* HomeTableViewController.swift in Sources */ = {isa = PBXBuildFile; fileRef = 7EACB62A28D021B7003B3E35 /* HomeTableViewController.swift */; };
		7EACB62D28D030FA003B3E35 /* AddItemViewController.swift in Sources */ = {isa = PBXBuildFile; fileRef = 7EACB62C28D030FA003B3E35 /* AddItemViewController.swift */; };
		7EACB62F28D6BDD0003B3E35 /* MediaItemTableViewController.swift in Sources */ = {isa = PBXBuildFile; fileRef = 7EACB62E28D6BDD0003B3E35 /* MediaItemTableViewController.swift */; };
		7EACB63128D6C92B003B3E35 /* MediaItemDetailViewController.swift in Sources */ = {isa = PBXBuildFile; fileRef = 7EACB63028D6C92B003B3E35 /* MediaItemDetailViewController.swift */; };
		7EACB63328D7FC55003B3E35 /* EditItemViewController.swift in Sources */ = {isa = PBXBuildFile; fileRef = 7EACB63228D7FC55003B3E35 /* EditItemViewController.swift */; };
		7EACB63528D950CC003B3E35 /* DatePickerViewController.swift in Sources */ = {isa = PBXBuildFile; fileRef = 7EACB63428D950CC003B3E35 /* DatePickerViewController.swift */; };
		7EACB63728D96081003B3E35 /* NotificationScheduler.swift in Sources */ = {isa = PBXBuildFile; fileRef = 7EACB63628D96081003B3E35 /* NotificationScheduler.swift */; };
/* End PBXBuildFile section */

/* Begin PBXFileReference section */
		7EACB60428D00A8A003B3E35 /* MediaManager.app */ = {isa = PBXFileReference; explicitFileType = wrapper.application; includeInIndex = 0; path = MediaManager.app; sourceTree = BUILT_PRODUCTS_DIR; };
		7EACB60728D00A8A003B3E35 /* AppDelegate.swift */ = {isa = PBXFileReference; lastKnownFileType = sourcecode.swift; path = AppDelegate.swift; sourceTree = "<group>"; };
		7EACB60928D00A8A003B3E35 /* SceneDelegate.swift */ = {isa = PBXFileReference; lastKnownFileType = sourcecode.swift; path = SceneDelegate.swift; sourceTree = "<group>"; };
		7EACB60E28D00A8A003B3E35 /* Base */ = {isa = PBXFileReference; lastKnownFileType = file.storyboard; name = Base; path = Base.lproj/Main.storyboard; sourceTree = "<group>"; };
		7EACB61128D00A8A003B3E35 /* MediaManager.xcdatamodel */ = {isa = PBXFileReference; lastKnownFileType = wrapper.xcdatamodel; path = MediaManager.xcdatamodel; sourceTree = "<group>"; };
		7EACB61328D00A8C003B3E35 /* Assets.xcassets */ = {isa = PBXFileReference; lastKnownFileType = folder.assetcatalog; path = Assets.xcassets; sourceTree = "<group>"; };
		7EACB61628D00A8C003B3E35 /* Base */ = {isa = PBXFileReference; lastKnownFileType = file.storyboard; name = Base; path = Base.lproj/LaunchScreen.storyboard; sourceTree = "<group>"; };
		7EACB61828D00A8C003B3E35 /* Info.plist */ = {isa = PBXFileReference; lastKnownFileType = text.plist.xml; path = Info.plist; sourceTree = "<group>"; };
		7EACB62428D0110C003B3E35 /* CoreDataStack.swift */ = {isa = PBXFileReference; lastKnownFileType = sourcecode.swift; path = CoreDataStack.swift; sourceTree = "<group>"; };
		7EACB62628D0124C003B3E35 /* MediaItem+Convenience.swift */ = {isa = PBXFileReference; lastKnownFileType = sourcecode.swift; path = "MediaItem+Convenience.swift"; sourceTree = "<group>"; };
		7EACB62828D0145E003B3E35 /* MediaItemController.swift */ = {isa = PBXFileReference; lastKnownFileType = sourcecode.swift; path = MediaItemController.swift; sourceTree = "<group>"; };
		7EACB62A28D021B7003B3E35 /* HomeTableViewController.swift */ = {isa = PBXFileReference; lastKnownFileType = sourcecode.swift; path = HomeTableViewController.swift; sourceTree = "<group>"; };
		7EACB62C28D030FA003B3E35 /* AddItemViewController.swift */ = {isa = PBXFileReference; lastKnownFileType = sourcecode.swift; path = AddItemViewController.swift; sourceTree = "<group>"; };
		7EACB62E28D6BDD0003B3E35 /* MediaItemTableViewController.swift */ = {isa = PBXFileReference; lastKnownFileType = sourcecode.swift; path = MediaItemTableViewController.swift; sourceTree = "<group>"; };
		7EACB63028D6C92B003B3E35 /* MediaItemDetailViewController.swift */ = {isa = PBXFileReference; lastKnownFileType = sourcecode.swift; path = MediaItemDetailViewController.swift; sourceTree = "<group>"; };
		7EACB63228D7FC55003B3E35 /* EditItemViewController.swift */ = {isa = PBXFileReference; lastKnownFileType = sourcecode.swift; path = EditItemViewController.swift; sourceTree = "<group>"; };
		7EACB63428D950CC003B3E35 /* DatePickerViewController.swift */ = {isa = PBXFileReference; lastKnownFileType = sourcecode.swift; path = DatePickerViewController.swift; sourceTree = "<group>"; };
		7EACB63628D96081003B3E35 /* NotificationScheduler.swift */ = {isa = PBXFileReference; lastKnownFileType = sourcecode.swift; path = NotificationScheduler.swift; sourceTree = "<group>"; };
/* End PBXFileReference section */

/* Begin PBXFrameworksBuildPhase section */
		7EACB60128D00A8A003B3E35 /* Frameworks */ = {
			isa = PBXFrameworksBuildPhase;
			buildActionMask = 2147483647;
			files = (
			);
			runOnlyForDeploymentPostprocessing = 0;
		};
/* End PBXFrameworksBuildPhase section */

/* Begin PBXGroup section */
		7EACB5FB28D00A8A003B3E35 = {
			isa = PBXGroup;
			children = (
				7EACB60628D00A8A003B3E35 /* MediaManager */,
				7EACB60528D00A8A003B3E35 /* Products */,
			);
			sourceTree = "<group>";
		};
		7EACB60528D00A8A003B3E35 /* Products */ = {
			isa = PBXGroup;
			children = (
				7EACB60428D00A8A003B3E35 /* MediaManager.app */,
			);
			name = Products;
			sourceTree = "<group>";
		};
		7EACB60628D00A8A003B3E35 /* MediaManager */ = {
			isa = PBXGroup;
			children = (
				7EACB61E28D00B08003B3E35 /* Models */,
				7EACB62028D00B38003B3E35 /* Controllers */,
				7EACB62328D00B5C003B3E35 /* Views */,
				7EACB61F28D00B17003B3E35 /* Resources */,
			);
			path = MediaManager;
			sourceTree = "<group>";
		};
		7EACB61E28D00B08003B3E35 /* Models */ = {
			isa = PBXGroup;
			children = (
				7EACB61028D00A8A003B3E35 /* MediaManager.xcdatamodeld */,
				7EACB62428D0110C003B3E35 /* CoreDataStack.swift */,
				7EACB62628D0124C003B3E35 /* MediaItem+Convenience.swift */,
			);
			path = Models;
			sourceTree = "<group>";
		};
		7EACB61F28D00B17003B3E35 /* Resources */ = {
			isa = PBXGroup;
			children = (
				7EACB60728D00A8A003B3E35 /* AppDelegate.swift */,
				7EACB60928D00A8A003B3E35 /* SceneDelegate.swift */,
				7EACB61328D00A8C003B3E35 /* Assets.xcassets */,
				7EACB61528D00A8C003B3E35 /* LaunchScreen.storyboard */,
				7EACB61828D00A8C003B3E35 /* Info.plist */,
				7EACB63628D96081003B3E35 /* NotificationScheduler.swift */,
			);
			path = Resources;
			sourceTree = "<group>";
		};
		7EACB62028D00B38003B3E35 /* Controllers */ = {
			isa = PBXGroup;
			children = (
				7EACB62228D00B4C003B3E35 /* Model Controllers */,
				7EACB62128D00B3E003B3E35 /* View Controllers */,
			);
			path = Controllers;
			sourceTree = "<group>";
		};
		7EACB62128D00B3E003B3E35 /* View Controllers */ = {
			isa = PBXGroup;
			children = (
				7EACB62A28D021B7003B3E35 /* HomeTableViewController.swift */,
				7EACB62C28D030FA003B3E35 /* AddItemViewController.swift */,
				7EACB62E28D6BDD0003B3E35 /* MediaItemTableViewController.swift */,
				7EACB63028D6C92B003B3E35 /* MediaItemDetailViewController.swift */,
				7EACB63228D7FC55003B3E35 /* EditItemViewController.swift */,
				7EACB63428D950CC003B3E35 /* DatePickerViewController.swift */,
			);
			path = "View Controllers";
			sourceTree = "<group>";
		};
		7EACB62228D00B4C003B3E35 /* Model Controllers */ = {
			isa = PBXGroup;
			children = (
				7EACB62828D0145E003B3E35 /* MediaItemController.swift */,
			);
			path = "Model Controllers";
			sourceTree = "<group>";
		};
		7EACB62328D00B5C003B3E35 /* Views */ = {
			isa = PBXGroup;
			children = (
				7EACB60D28D00A8A003B3E35 /* Main.storyboard */,
			);
			path = Views;
			sourceTree = "<group>";
		};
/* End PBXGroup section */

/* Begin PBXNativeTarget section */
		7EACB60328D00A8A003B3E35 /* MediaManager */ = {
			isa = PBXNativeTarget;
			buildConfigurationList = 7EACB61B28D00A8C003B3E35 /* Build configuration list for PBXNativeTarget "MediaManager" */;
			buildPhases = (
				7EACB60028D00A8A003B3E35 /* Sources */,
				7EACB60128D00A8A003B3E35 /* Frameworks */,
				7EACB60228D00A8A003B3E35 /* Resources */,
			);
			buildRules = (
			);
			dependencies = (
			);
			name = MediaManager;
			productName = MediaManager;
			productReference = 7EACB60428D00A8A003B3E35 /* MediaManager.app */;
			productType = "com.apple.product-type.application";
		};
/* End PBXNativeTarget section */

/* Begin PBXProject section */
		7EACB5FC28D00A8A003B3E35 /* Project object */ = {
			isa = PBXProject;
			attributes = {
				BuildIndependentTargetsInParallel = 1;
				LastSwiftUpdateCheck = 1340;
				LastUpgradeCheck = 1340;
				TargetAttributes = {
					7EACB60328D00A8A003B3E35 = {
						CreatedOnToolsVersion = 13.4.1;
					};
				};
			};
			buildConfigurationList = 7EACB5FF28D00A8A003B3E35 /* Build configuration list for PBXProject "MediaManager" */;
			compatibilityVersion = "Xcode 13.0";
			developmentRegion = en;
			hasScannedForEncodings = 0;
			knownRegions = (
				en,
				Base,
			);
			mainGroup = 7EACB5FB28D00A8A003B3E35;
			productRefGroup = 7EACB60528D00A8A003B3E35 /* Products */;
			projectDirPath = "";
			projectRoot = "";
			targets = (
				7EACB60328D00A8A003B3E35 /* MediaManager */,
			);
		};
/* End PBXProject section */

/* Begin PBXResourcesBuildPhase section */
		7EACB60228D00A8A003B3E35 /* Resources */ = {
			isa = PBXResourcesBuildPhase;
			buildActionMask = 2147483647;
			files = (
				7EACB61728D00A8C003B3E35 /* LaunchScreen.storyboard in Resources */,
				7EACB61428D00A8C003B3E35 /* Assets.xcassets in Resources */,
				7EACB60F28D00A8A003B3E35 /* Main.storyboard in Resources */,
			);
			runOnlyForDeploymentPostprocessing = 0;
		};
/* End PBXResourcesBuildPhase section */

/* Begin PBXSourcesBuildPhase section */
		7EACB60028D00A8A003B3E35 /* Sources */ = {
			isa = PBXSourcesBuildPhase;
			buildActionMask = 2147483647;
			files = (
				7EACB61228D00A8A003B3E35 /* MediaManager.xcdatamodeld in Sources */,
				7EACB63128D6C92B003B3E35 /* MediaItemDetailViewController.swift in Sources */,
				7EACB62928D0145E003B3E35 /* MediaItemController.swift in Sources */,
				7EACB60828D00A8A003B3E35 /* AppDelegate.swift in Sources */,
				7EACB63328D7FC55003B3E35 /* EditItemViewController.swift in Sources */,
				7EACB62F28D6BDD0003B3E35 /* MediaItemTableViewController.swift in Sources */,
				7EACB60A28D00A8A003B3E35 /* SceneDelegate.swift in Sources */,
				7EACB62B28D021B7003B3E35 /* HomeTableViewController.swift in Sources */,
				7EACB63528D950CC003B3E35 /* DatePickerViewController.swift in Sources */,
				7EACB62D28D030FA003B3E35 /* AddItemViewController.swift in Sources */,
				7EACB62528D0110C003B3E35 /* CoreDataStack.swift in Sources */,
				7EACB62728D0124C003B3E35 /* MediaItem+Convenience.swift in Sources */,
				7EACB63728D96081003B3E35 /* NotificationScheduler.swift in Sources */,
			);
			runOnlyForDeploymentPostprocessing = 0;
		};
/* End PBXSourcesBuildPhase section */

/* Begin PBXVariantGroup section */
		7EACB60D28D00A8A003B3E35 /* Main.storyboard */ = {
			isa = PBXVariantGroup;
			children = (
				7EACB60E28D00A8A003B3E35 /* Base */,
			);
			name = Main.storyboard;
			sourceTree = "<group>";
		};
		7EACB61528D00A8C003B3E35 /* LaunchScreen.storyboard */ = {
			isa = PBXVariantGroup;
			children = (
				7EACB61628D00A8C003B3E35 /* Base */,
			);
			name = LaunchScreen.storyboard;
			sourceTree = "<group>";
		};
/* End PBXVariantGroup section */

/* Begin XCBuildConfiguration section */
		7EACB61928D00A8C003B3E35 /* Debug */ = {
			isa = XCBuildConfiguration;
			buildSettings = {
				ALWAYS_SEARCH_USER_PATHS = NO;
				CLANG_ANALYZER_NONNULL = YES;
				CLANG_ANALYZER_NUMBER_OBJECT_CONVERSION = YES_AGGRESSIVE;
				CLANG_CXX_LANGUAGE_STANDARD = "gnu++17";
				CLANG_ENABLE_MODULES = YES;
				CLANG_ENABLE_OBJC_ARC = YES;
				CLANG_ENABLE_OBJC_WEAK = YES;
				CLANG_WARN_BLOCK_CAPTURE_AUTORELEASING = YES;
				CLANG_WARN_BOOL_CONVERSION = YES;
				CLANG_WARN_COMMA = YES;
				CLANG_WARN_CONSTANT_CONVERSION = YES;
				CLANG_WARN_DEPRECATED_OBJC_IMPLEMENTATIONS = YES;
				CLANG_WARN_DIRECT_OBJC_ISA_USAGE = YES_ERROR;
				CLANG_WARN_DOCUMENTATION_COMMENTS = YES;
				CLANG_WARN_EMPTY_BODY = YES;
				CLANG_WARN_ENUM_CONVERSION = YES;
				CLANG_WARN_INFINITE_RECURSION = YES;
				CLANG_WARN_INT_CONVERSION = YES;
				CLANG_WARN_NON_LITERAL_NULL_CONVERSION = YES;
				CLANG_WARN_OBJC_IMPLICIT_RETAIN_SELF = YES;
				CLANG_WARN_OBJC_LITERAL_CONVERSION = YES;
				CLANG_WARN_OBJC_ROOT_CLASS = YES_ERROR;
				CLANG_WARN_QUOTED_INCLUDE_IN_FRAMEWORK_HEADER = YES;
				CLANG_WARN_RANGE_LOOP_ANALYSIS = YES;
				CLANG_WARN_STRICT_PROTOTYPES = YES;
				CLANG_WARN_SUSPICIOUS_MOVE = YES;
				CLANG_WARN_UNGUARDED_AVAILABILITY = YES_AGGRESSIVE;
				CLANG_WARN_UNREACHABLE_CODE = YES;
				CLANG_WARN__DUPLICATE_METHOD_MATCH = YES;
				COPY_PHASE_STRIP = NO;
				DEBUG_INFORMATION_FORMAT = dwarf;
				ENABLE_STRICT_OBJC_MSGSEND = YES;
				ENABLE_TESTABILITY = YES;
				GCC_C_LANGUAGE_STANDARD = gnu11;
				GCC_DYNAMIC_NO_PIC = NO;
				GCC_NO_COMMON_BLOCKS = YES;
				GCC_OPTIMIZATION_LEVEL = 0;
				GCC_PREPROCESSOR_DEFINITIONS = (
					"DEBUG=1",
					"$(inherited)",
				);
				GCC_WARN_64_TO_32_BIT_CONVERSION = YES;
				GCC_WARN_ABOUT_RETURN_TYPE = YES_ERROR;
				GCC_WARN_UNDECLARED_SELECTOR = YES;
				GCC_WARN_UNINITIALIZED_AUTOS = YES_AGGRESSIVE;
				GCC_WARN_UNUSED_FUNCTION = YES;
				GCC_WARN_UNUSED_VARIABLE = YES;
				IPHONEOS_DEPLOYMENT_TARGET = 15.5;
				MTL_ENABLE_DEBUG_INFO = INCLUDE_SOURCE;
				MTL_FAST_MATH = YES;
				ONLY_ACTIVE_ARCH = YES;
				SDKROOT = iphoneos;
				SWIFT_ACTIVE_COMPILATION_CONDITIONS = DEBUG;
				SWIFT_OPTIMIZATION_LEVEL = "-Onone";
			};
			name = Debug;
		};
		7EACB61A28D00A8C003B3E35 /* Release */ = {
			isa = XCBuildConfiguration;
			buildSettings = {
				ALWAYS_SEARCH_USER_PATHS = NO;
				CLANG_ANALYZER_NONNULL = YES;
				CLANG_ANALYZER_NUMBER_OBJECT_CONVERSION = YES_AGGRESSIVE;
				CLANG_CXX_LANGUAGE_STANDARD = "gnu++17";
				CLANG_ENABLE_MODULES = YES;
				CLANG_ENABLE_OBJC_ARC = YES;
				CLANG_ENABLE_OBJC_WEAK = YES;
				CLANG_WARN_BLOCK_CAPTURE_AUTORELEASING = YES;
				CLANG_WARN_BOOL_CONVERSION = YES;
				CLANG_WARN_COMMA = YES;
				CLANG_WARN_CONSTANT_CONVERSION = YES;
				CLANG_WARN_DEPRECATED_OBJC_IMPLEMENTATIONS = YES;
				CLANG_WARN_DIRECT_OBJC_ISA_USAGE = YES_ERROR;
				CLANG_WARN_DOCUMENTATION_COMMENTS = YES;
				CLANG_WARN_EMPTY_BODY = YES;
				CLANG_WARN_ENUM_CONVERSION = YES;
				CLANG_WARN_INFINITE_RECURSION = YES;
				CLANG_WARN_INT_CONVERSION = YES;
				CLANG_WARN_NON_LITERAL_NULL_CONVERSION = YES;
				CLANG_WARN_OBJC_IMPLICIT_RETAIN_SELF = YES;
				CLANG_WARN_OBJC_LITERAL_CONVERSION = YES;
				CLANG_WARN_OBJC_ROOT_CLASS = YES_ERROR;
				CLANG_WARN_QUOTED_INCLUDE_IN_FRAMEWORK_HEADER = YES;
				CLANG_WARN_RANGE_LOOP_ANALYSIS = YES;
				CLANG_WARN_STRICT_PROTOTYPES = YES;
				CLANG_WARN_SUSPICIOUS_MOVE = YES;
				CLANG_WARN_UNGUARDED_AVAILABILITY = YES_AGGRESSIVE;
				CLANG_WARN_UNREACHABLE_CODE = YES;
				CLANG_WARN__DUPLICATE_METHOD_MATCH = YES;
				COPY_PHASE_STRIP = NO;
				DEBUG_INFORMATION_FORMAT = "dwarf-with-dsym";
				ENABLE_NS_ASSERTIONS = NO;
				ENABLE_STRICT_OBJC_MSGSEND = YES;
				GCC_C_LANGUAGE_STANDARD = gnu11;
				GCC_NO_COMMON_BLOCKS = YES;
				GCC_WARN_64_TO_32_BIT_CONVERSION = YES;
				GCC_WARN_ABOUT_RETURN_TYPE = YES_ERROR;
				GCC_WARN_UNDECLARED_SELECTOR = YES;
				GCC_WARN_UNINITIALIZED_AUTOS = YES_AGGRESSIVE;
				GCC_WARN_UNUSED_FUNCTION = YES;
				GCC_WARN_UNUSED_VARIABLE = YES;
				IPHONEOS_DEPLOYMENT_TARGET = 15.5;
				MTL_ENABLE_DEBUG_INFO = NO;
				MTL_FAST_MATH = YES;
				SDKROOT = iphoneos;
				SWIFT_COMPILATION_MODE = wholemodule;
				SWIFT_OPTIMIZATION_LEVEL = "-O";
				VALIDATE_PRODUCT = YES;
			};
			name = Release;
		};
		7EACB61C28D00A8C003B3E35 /* Debug */ = {
			isa = XCBuildConfiguration;
			buildSettings = {
				ASSETCATALOG_COMPILER_APPICON_NAME = AppIcon;
				ASSETCATALOG_COMPILER_GLOBAL_ACCENT_COLOR_NAME = AccentColor;
				CODE_SIGN_STYLE = Automatic;
				CURRENT_PROJECT_VERSION = 1;
				GENERATE_INFOPLIST_FILE = YES;
				INFOPLIST_FILE = MediaManager/Resources/Info.plist;
				INFOPLIST_KEY_UIApplicationSupportsIndirectInputEvents = YES;
				INFOPLIST_KEY_UILaunchStoryboardName = LaunchScreen;
				INFOPLIST_KEY_UIMainStoryboardFile = Main;
				INFOPLIST_KEY_UISupportedInterfaceOrientations_iPad = "UIInterfaceOrientationPortrait UIInterfaceOrientationPortraitUpsideDown UIInterfaceOrientationLandscapeLeft UIInterfaceOrientationLandscapeRight";
				INFOPLIST_KEY_UISupportedInterfaceOrientations_iPhone = "UIInterfaceOrientationPortrait UIInterfaceOrientationLandscapeLeft UIInterfaceOrientationLandscapeRight";
				LD_RUNPATH_SEARCH_PATHS = (
					"$(inherited)",
					"@executable_path/Frameworks",
				);
				MARKETING_VERSION = 1.0;
				PRODUCT_BUNDLE_IDENTIFIER = cameronStuart.MediaManager;
				PRODUCT_NAME = "$(TARGET_NAME)";
				SWIFT_EMIT_LOC_STRINGS = YES;
				SWIFT_VERSION = 5.0;
				TARGETED_DEVICE_FAMILY = "1,2";
			};
			name = Debug;
		};
		7EACB61D28D00A8C003B3E35 /* Release */ = {
			isa = XCBuildConfiguration;
			buildSettings = {
				ASSETCATALOG_COMPILER_APPICON_NAME = AppIcon;
				ASSETCATALOG_COMPILER_GLOBAL_ACCENT_COLOR_NAME = AccentColor;
				CODE_SIGN_STYLE = Automatic;
				CURRENT_PROJECT_VERSION = 1;
				GENERATE_INFOPLIST_FILE = YES;
				INFOPLIST_FILE = MediaManager/Resources/Info.plist;
				INFOPLIST_KEY_UIApplicationSupportsIndirectInputEvents = YES;
				INFOPLIST_KEY_UILaunchStoryboardName = LaunchScreen;
				INFOPLIST_KEY_UIMainStoryboardFile = Main;
				INFOPLIST_KEY_UISupportedInterfaceOrientations_iPad = "UIInterfaceOrientationPortrait UIInterfaceOrientationPortraitUpsideDown UIInterfaceOrientationLandscapeLeft UIInterfaceOrientationLandscapeRight";
				INFOPLIST_KEY_UISupportedInterfaceOrientations_iPhone = "UIInterfaceOrientationPortrait UIInterfaceOrientationLandscapeLeft UIInterfaceOrientationLandscapeRight";
				LD_RUNPATH_SEARCH_PATHS = (
					"$(inherited)",
					"@executable_path/Frameworks",
				);
				MARKETING_VERSION = 1.0;
				PRODUCT_BUNDLE_IDENTIFIER = cameronStuart.MediaManager;
				PRODUCT_NAME = "$(TARGET_NAME)";
				SWIFT_EMIT_LOC_STRINGS = YES;
				SWIFT_VERSION = 5.0;
				TARGETED_DEVICE_FAMILY = "1,2";
			};
			name = Release;
		};
/* End XCBuildConfiguration section */

/* Begin XCConfigurationList section */
		7EACB5FF28D00A8A003B3E35 /* Build configuration list for PBXProject "MediaManager" */ = {
			isa = XCConfigurationList;
			buildConfigurations = (
				7EACB61928D00A8C003B3E35 /* Debug */,
				7EACB61A28D00A8C003B3E35 /* Release */,
			);
			defaultConfigurationIsVisible = 0;
			defaultConfigurationName = Release;
		};
		7EACB61B28D00A8C003B3E35 /* Build configuration list for PBXNativeTarget "MediaManager" */ = {
			isa = XCConfigurationList;
			buildConfigurations = (
				7EACB61C28D00A8C003B3E35 /* Debug */,
				7EACB61D28D00A8C003B3E35 /* Release */,
			);
			defaultConfigurationIsVisible = 0;
			defaultConfigurationName = Release;
		};
/* End XCConfigurationList section */

/* Begin XCVersionGroup section */
		7EACB61028D00A8A003B3E35 /* MediaManager.xcdatamodeld */ = {
			isa = XCVersionGroup;
			children = (
				7EACB61128D00A8A003B3E35 /* MediaManager.xcdatamodel */,
			);
			currentVersion = 7EACB61128D00A8A003B3E35 /* MediaManager.xcdatamodel */;
			path = MediaManager.xcdatamodeld;
			sourceTree = "<group>";
			versionGroupType = wrapper.xcdatamodel;
		};
/* End XCVersionGroup section */
	};
	rootObject = 7EACB5FC28D00A8A003B3E35 /* Project object */;
}
